
Microsoft Visual Studio Solution File, Format Version 12.00
Project("{FAE04EC0-301F-11D3-BF4B-00C04F79EFBC}") = "ClassLibrary1", "ClassLibrary1\ClassLibrary1.csproj", "{37CBC41C-DE5F-4C23-9B12-BCA65C674A6B}"
EndProject
Global
	GlobalSection(SolutionConfigurationPlatforms) = preSolution
		Debug|Any CPU = Debug|Any CPU
		Release|Any CPU = Release|Any CPU
	EndGlobalSection
	GlobalSection(ProjectConfigurationPlatforms) = postSolution
		{37CBC41C-DE5F-4C23-9B12-BCA65C674A6B}.Debug|Any CPU.ActiveCfg = Debug|Any CPU
		{37CBC41C-DE5F-4C23-9B12-BCA65C674A6B}.Debug|Any CPU.Build.0 = Debug|Any CPU
		{37CBC41C-DE5F-4C23-9B12-BCA65C674A6B}.Release|Any CPU.ActiveCfg = Release|Any CPU
		{37CBC41C-DE5F-4C23-9B12-BCA65C674A6B}.Release|Any CPU.Build.0 = Release|Any CPU
	EndGlobalSection
EndGlobal
